{
  "nodes": {
    "emacs-overlay": {
      "inputs": {
        "flake-utils": "flake-utils",
        "nixpkgs": [
          "nixpkgs"
        ]
      },
      "locked": {
        "lastModified": 1672914976,
        "narHash": "sha256-V24rc92fw1J3zYlLxALIAoM2TFPZzOpI5jiLeUZX4Kg=",
        "owner": "nix-community",
        "repo": "emacs-overlay",
        "rev": "b7ce6bbf53b52f2059020ecf14127ffd1c375e90",
        "type": "github"
      },
      "original": {
        "owner": "nix-community",
        "repo": "emacs-overlay",
        "type": "github"
      }
    },
    "flake-utils": {
      "locked": {
        "lastModified": 1667395993,
        "narHash": "sha256-nuEHfE/LcWyuSWnS8t12N1wc105Qtau+/OdUAjtQ0rA=",
        "owner": "numtide",
        "repo": "flake-utils",
        "rev": "5aed5285a952e0b949eb3ba02c12fa4fcfef535f",
        "type": "github"
      },
      "original": {
        "owner": "numtide",
        "repo": "flake-utils",
        "type": "github"
      }
    },
    "flake-utils_2": {
      "locked": {
        "lastModified": 1667077288,
        "narHash": "sha256-bdC8sFNDpT0HK74u9fUkpbf1MEzVYJ+ka7NXCdgBoaA=",
        "owner": "numtide",
        "repo": "flake-utils",
        "rev": "6ee9ebb6b1ee695d2cacc4faa053a7b9baa76817",
        "type": "github"
      },
      "original": {
        "owner": "numtide",
        "repo": "flake-utils",
        "type": "github"
      }
    },
    "nixpkgs": {
      "locked": {
        "lastModified": 1669863053,
        "narHash": "sha256-h9JztTdM0acmb60GDrtTFsKu/CLtZUjeoFkb0h9FrAk=",
        "owner": "NixOS",
        "repo": "nixpkgs",
        "rev": "83a705f789faf113ba345693e0437f681878b8be",
        "type": "github"
      },
      "original": {
        "id": "nixpkgs",
        "type": "indirect"
      }
    },
    "notmuch-sort-fork": {
      "inputs": {
        "nixpkgs": [
          "nixpkgs"
        ],
        "pre-commit-hooks": "pre-commit-hooks"
      },
      "locked": {
        "lastModified": 1669222539,
        "narHash": "sha256-JIOmZ+siUggrczbz/tiYtmuL0GVy4ATJVEJdbR7NmXk=",
        "owner": "league",
        "repo": "notmuch",
        "rev": "987f35dcc27f936e997ca87b7ae450f7078060a6",
        "type": "github"
      },
      "original": {
        "owner": "league",
        "ref": "sort",
        "repo": "notmuch",
        "type": "github"
      }
    },
    "pre-commit-hooks": {
      "inputs": {
        "flake-utils": "flake-utils_2",
        "nixpkgs": [
          "notmuch-sort-fork",
          "nixpkgs"
        ]
      },
      "locked": {
        "lastModified": 1667992213,
        "narHash": "sha256-8Ens8ozllvlaFMCZBxg6S7oUyynYx2v7yleC5M0jJsE=",
        "owner": "cachix",
        "repo": "pre-commit-hooks.nix",
        "rev": "ebcbfe09d2bd6d15f68de3a0ebb1e4dcb5cd324b",
        "type": "github"
      },
      "original": {
        "owner": "cachix",
        "repo": "pre-commit-hooks.nix",
        "type": "github"
      }
    },
    "root": {
      "inputs": {
        "emacs-overlay": "emacs-overlay",
        "nixpkgs": "nixpkgs",
        "notmuch-sort-fork": "notmuch-sort-fork"
      }
    }
  },
  "root": "root",
  "version": 7
}
